
Microsoft Visual Studio Solution File, Format Version 12.00
# Visual Studio 14
VisualStudioVersion = 14.0.25420.1
MinimumVisualStudioVersion = 10.0.40219.1
Project("{FAE04EC0-301F-11D3-BF4B-00C04F79EFBC}") = "oclockvn", "oclockvn\oclockvn.csproj", "{5C15F33E-0139-4518-A408-98C8B307CF52}"
EndProject
Project("{FAE04EC0-301F-11D3-BF4B-00C04F79EFBC}") = "oclockvn.Extensions", "oclockvn.Extensions\oclockvn.Extensions.csproj", "{605721D4-1EED-4F79-A4CF-91B36332C767}"
EndProject
Project("{FAE04EC0-301F-11D3-BF4B-00C04F79EFBC}") = "oclockvn.Extensions.Test", "oclockvn.Extensions.Test\oclockvn.Extensions.Test.csproj", "{128540F2-5525-48DF-9D03-1F859030D4BE}"
EndProject
Global
	GlobalSection(SolutionConfigurationPlatforms) = preSolution
		Debug|Any CPU = Debug|Any CPU
		Release|Any CPU = Release|Any CPU
	EndGlobalSection
	GlobalSection(ProjectConfigurationPlatforms) = postSolution
		{5C15F33E-0139-4518-A408-98C8B307CF52}.Debug|Any CPU.ActiveCfg = Debug|Any CPU
		{5C15F33E-0139-4518-A408-98C8B307CF52}.Debug|Any CPU.Build.0 = Debug|Any CPU
		{5C15F33E-0139-4518-A408-98C8B307CF52}.Release|Any CPU.ActiveCfg = Release|Any CPU
		{5C15F33E-0139-4518-A408-98C8B307CF52}.Release|Any CPU.Build.0 = Release|Any CPU
		{605721D4-1EED-4F79-A4CF-91B36332C767}.Debug|Any CPU.ActiveCfg = Debug|Any CPU
		{605721D4-1EED-4F79-A4CF-91B36332C767}.Debug|Any CPU.Build.0 = Debug|Any CPU
		{605721D4-1EED-4F79-A4CF-91B36332C767}.Release|Any CPU.ActiveCfg = Release|Any CPU
		{605721D4-1EED-4F79-A4CF-91B36332C767}.Release|Any CPU.Build.0 = Release|Any CPU
		{128540F2-5525-48DF-9D03-1F859030D4BE}.Debug|Any CPU.ActiveCfg = Debug|Any CPU
		{128540F2-5525-48DF-9D03-1F859030D4BE}.Debug|Any CPU.Build.0 = Debug|Any CPU
		{128540F2-5525-48DF-9D03-1F859030D4BE}.Release|Any CPU.ActiveCfg = Release|Any CPU
		{128540F2-5525-48DF-9D03-1F859030D4BE}.Release|Any CPU.Build.0 = Release|Any CPU
	EndGlobalSection
	GlobalSection(SolutionProperties) = preSolution
		HideSolutionNode = FALSE
	EndGlobalSection
EndGlobal
